
Microsoft Visual Studio Solution File, Format Version 12.00
# Visual Studio Version 16
VisualStudioVersion = 16.0.31112.23
MinimumVisualStudioVersion = 10.0.40219.1
Project("{FAE04EC0-301F-11D3-BF4B-00C04F79EFBC}") = "Existek.Junior.Task", "Existek.Junior.Task\Existek.Junior.Task.csproj", "{714D88B2-AC0E-41E6-8435-1D678C654A5B}"
EndProject
Global
	GlobalSection(SolutionConfigurationPlatforms) = preSolution
		Debug|Any CPU = Debug|Any CPU
		Release|Any CPU = Release|Any CPU
	EndGlobalSection
	GlobalSection(ProjectConfigurationPlatforms) = postSolution
		{714D88B2-AC0E-41E6-8435-1D678C654A5B}.Debug|Any CPU.ActiveCfg = Debug|Any CPU
		{714D88B2-AC0E-41E6-8435-1D678C654A5B}.Debug|Any CPU.Build.0 = Debug|Any CPU
		{714D88B2-AC0E-41E6-8435-1D678C654A5B}.Release|Any CPU.ActiveCfg = Release|Any CPU
		{714D88B2-AC0E-41E6-8435-1D678C654A5B}.Release|Any CPU.Build.0 = Release|Any CPU
	EndGlobalSection
	GlobalSection(SolutionProperties) = preSolution
		HideSolutionNode = FALSE
	EndGlobalSection
	GlobalSection(ExtensibilityGlobals) = postSolution
		SolutionGuid = {FE7625D2-66A9-48D6-94A8-689F2A9A4446}
	EndGlobalSection
EndGlobal
